
Microsoft Visual Studio Solution File, Format Version 12.00
# Visual Studio Version 16
VisualStudioVersion = 16.0.30114.105
MinimumVisualStudioVersion = 10.0.40219.1
Project("{8BC9CEB8-8B4A-11D0-8D11-00A0C91BC942}") = "OBJLoader", "OBJLoader\OBJLoader.vcxproj", "{303D0F9C-E5DC-4DFD-BB58-BA7E3D8211CD}"
EndProject
Project("{8BC9CEB8-8B4A-11D0-8D11-00A0C91BC942}") = "CT5036", "CT5036\CT5036.vcxproj", "{262FF0A7-3ADC-441A-B029-3CCD87D57486}"
EndProject
Global
	GlobalSection(SolutionConfigurationPlatforms) = preSolution
		Debug|NX64 = Debug|NX64
		Debug|x64 = Debug|x64
		Release|NX64 = Release|NX64
		Release|x64 = Release|x64
	EndGlobalSection
	GlobalSection(ProjectConfigurationPlatforms) = postSolution
		{303D0F9C-E5DC-4DFD-BB58-BA7E3D8211CD}.Debug|NX64.ActiveCfg = Debug|NX64
		{303D0F9C-E5DC-4DFD-BB58-BA7E3D8211CD}.Debug|NX64.Build.0 = Debug|NX64
		{303D0F9C-E5DC-4DFD-BB58-BA7E3D8211CD}.Debug|x64.ActiveCfg = Debug|x64
		{303D0F9C-E5DC-4DFD-BB58-BA7E3D8211CD}.Debug|x64.Build.0 = Debug|x64
		{303D0F9C-E5DC-4DFD-BB58-BA7E3D8211CD}.Release|NX64.ActiveCfg = Release|NX64
		{303D0F9C-E5DC-4DFD-BB58-BA7E3D8211CD}.Release|NX64.Build.0 = Release|NX64
		{303D0F9C-E5DC-4DFD-BB58-BA7E3D8211CD}.Release|x64.ActiveCfg = Release|x64
		{303D0F9C-E5DC-4DFD-BB58-BA7E3D8211CD}.Release|x64.Build.0 = Release|x64
		{262FF0A7-3ADC-441A-B029-3CCD87D57486}.Debug|NX64.ActiveCfg = Debug|NX64
		{262FF0A7-3ADC-441A-B029-3CCD87D57486}.Debug|x64.ActiveCfg = Debug|x64
		{262FF0A7-3ADC-441A-B029-3CCD87D57486}.Debug|x64.Build.0 = Debug|x64
		{262FF0A7-3ADC-441A-B029-3CCD87D57486}.Release|NX64.ActiveCfg = Release|Win32
		{262FF0A7-3ADC-441A-B029-3CCD87D57486}.Release|x64.ActiveCfg = Release|x64
		{262FF0A7-3ADC-441A-B029-3CCD87D57486}.Release|x64.Build.0 = Release|x64
	EndGlobalSection
	GlobalSection(SolutionProperties) = preSolution
		HideSolutionNode = FALSE
	EndGlobalSection
	GlobalSection(ExtensibilityGlobals) = postSolution
		SolutionGuid = {4992E7FB-DD08-455A-9768-39B3E7E95826}
	EndGlobalSection
EndGlobal
